
Microsoft Visual Studio Solution File, Format Version 12.00
# Visual Studio Version 16
VisualStudioVersion = 16.0.32802.440
MinimumVisualStudioVersion = 10.0.40219.1
Project("{8BC9CEB8-8B4A-11D0-8D11-00A0C91BC942}") = "Example9.3", "Example9.3.vcxproj", "{DF4C4F72-A710-4A2D-A7D9-52420C8810BC}"
EndProject
Global
	GlobalSection(SolutionConfigurationPlatforms) = preSolution
		Debug|x64 = Debug|x64
		Debug|x86 = Debug|x86
		Release|x64 = Release|x64
		Release|x86 = Release|x86
	EndGlobalSection
	GlobalSection(ProjectConfigurationPlatforms) = postSolution
		{DF4C4F72-A710-4A2D-A7D9-52420C8810BC}.Debug|x64.ActiveCfg = Debug|x64
		{DF4C4F72-A710-4A2D-A7D9-52420C8810BC}.Debug|x64.Build.0 = Debug|x64
		{DF4C4F72-A710-4A2D-A7D9-52420C8810BC}.Debug|x86.ActiveCfg = Debug|Win32
		{DF4C4F72-A710-4A2D-A7D9-52420C8810BC}.Debug|x86.Build.0 = Debug|Win32
		{DF4C4F72-A710-4A2D-A7D9-52420C8810BC}.Release|x64.ActiveCfg = Release|x64
		{DF4C4F72-A710-4A2D-A7D9-52420C8810BC}.Release|x64.Build.0 = Release|x64
		{DF4C4F72-A710-4A2D-A7D9-52420C8810BC}.Release|x86.ActiveCfg = Release|Win32
		{DF4C4F72-A710-4A2D-A7D9-52420C8810BC}.Release|x86.Build.0 = Release|Win32
	EndGlobalSection
	GlobalSection(SolutionProperties) = preSolution
		HideSolutionNode = FALSE
	EndGlobalSection
	GlobalSection(ExtensibilityGlobals) = postSolution
		SolutionGuid = {28813817-3C99-4615-AC48-18C3974469E8}
	EndGlobalSection
EndGlobal
